
Microsoft Visual Studio Solution File, Format Version 12.00
# Visual Studio 15
Project("{FAE04EC0-301F-11D3-BF4B-00C04F79EFBC}") = "Assembly-CSharp", "Assembly-CSharp.csproj", "{48054A25-D414-000B-B0D1-41DCB00BFA04}"
EndProject
Project("{FAE04EC0-301F-11D3-BF4B-00C04F79EFBC}") = "VuforiaScripts", "VuforiaScripts.csproj", "{E7CCDFF0-E7E1-493D-8653-2458D0891F1F}"
EndProject
Project("{FAE04EC0-301F-11D3-BF4B-00C04F79EFBC}") = "Assembly-CSharp-firstpass", "Assembly-CSharp-firstpass.csproj", "{C827CF59-F870-B030-E1D6-8ED015008139}"
EndProject
Project("{FAE04EC0-301F-11D3-BF4B-00C04F79EFBC}") = "Assembly-CSharp-Editor-firstpass", "Assembly-CSharp-Editor-firstpass.csproj", "{FA59116D-B8CC-53B0-C115-4A8BE2F15F1B}"
EndProject
Project("{FAE04EC0-301F-11D3-BF4B-00C04F79EFBC}") = "VuforiaEditorScripts", "VuforiaEditorScripts.csproj", "{C92A054D-3097-4A45-F5F3-D0D714D5D90C}"
EndProject
Global
	GlobalSection(SolutionConfigurationPlatforms) = preSolution
		Debug|Any CPU = Debug|Any CPU
		Release|Any CPU = Release|Any CPU
	EndGlobalSection
	GlobalSection(ProjectConfigurationPlatforms) = postSolution
		{48054A25-D414-000B-B0D1-41DCB00BFA04}.Debug|Any CPU.ActiveCfg = Debug|Any CPU
		{48054A25-D414-000B-B0D1-41DCB00BFA04}.Debug|Any CPU.Build.0 = Debug|Any CPU
		{48054A25-D414-000B-B0D1-41DCB00BFA04}.Release|Any CPU.ActiveCfg = Release|Any CPU
		{48054A25-D414-000B-B0D1-41DCB00BFA04}.Release|Any CPU.Build.0 = Release|Any CPU
		{E7CCDFF0-E7E1-493D-8653-2458D0891F1F}.Debug|Any CPU.ActiveCfg = Debug|Any CPU
		{E7CCDFF0-E7E1-493D-8653-2458D0891F1F}.Debug|Any CPU.Build.0 = Debug|Any CPU
		{E7CCDFF0-E7E1-493D-8653-2458D0891F1F}.Release|Any CPU.ActiveCfg = Release|Any CPU
		{E7CCDFF0-E7E1-493D-8653-2458D0891F1F}.Release|Any CPU.Build.0 = Release|Any CPU
		{C827CF59-F870-B030-E1D6-8ED015008139}.Debug|Any CPU.ActiveCfg = Debug|Any CPU
		{C827CF59-F870-B030-E1D6-8ED015008139}.Debug|Any CPU.Build.0 = Debug|Any CPU
		{C827CF59-F870-B030-E1D6-8ED015008139}.Release|Any CPU.ActiveCfg = Release|Any CPU
		{C827CF59-F870-B030-E1D6-8ED015008139}.Release|Any CPU.Build.0 = Release|Any CPU
		{FA59116D-B8CC-53B0-C115-4A8BE2F15F1B}.Debug|Any CPU.ActiveCfg = Debug|Any CPU
		{FA59116D-B8CC-53B0-C115-4A8BE2F15F1B}.Debug|Any CPU.Build.0 = Debug|Any CPU
		{FA59116D-B8CC-53B0-C115-4A8BE2F15F1B}.Release|Any CPU.ActiveCfg = Release|Any CPU
		{FA59116D-B8CC-53B0-C115-4A8BE2F15F1B}.Release|Any CPU.Build.0 = Release|Any CPU
		{C92A054D-3097-4A45-F5F3-D0D714D5D90C}.Debug|Any CPU.ActiveCfg = Debug|Any CPU
		{C92A054D-3097-4A45-F5F3-D0D714D5D90C}.Debug|Any CPU.Build.0 = Debug|Any CPU
		{C92A054D-3097-4A45-F5F3-D0D714D5D90C}.Release|Any CPU.ActiveCfg = Release|Any CPU
		{C92A054D-3097-4A45-F5F3-D0D714D5D90C}.Release|Any CPU.Build.0 = Release|Any CPU
	EndGlobalSection
	GlobalSection(SolutionProperties) = preSolution
		HideSolutionNode = FALSE
	EndGlobalSection
EndGlobal
